// !$*UTF8*$!
{
	archiveVersion = 1;
	classes = {
	};
	objectVersion = 50;
	objects = {

/* Begin PBXBuildFile section */
		D580D8ED221895D6004179E4 /* AppDelegate.swift in Sources */ = {isa = PBXBuildFile; fileRef = D580D8EC221895D6004179E4 /* AppDelegate.swift */; };
		D580D8EF221895D6004179E4 /* FirstViewController.swift in Sources */ = {isa = PBXBuildFile; fileRef = D580D8EE221895D6004179E4 /* FirstViewController.swift */; };
		D580D8F1221895D6004179E4 /* SecondViewController.swift in Sources */ = {isa = PBXBuildFile; fileRef = D580D8F0221895D6004179E4 /* SecondViewController.swift */; };
		D580D8F4221895D6004179E4 /* Main.storyboard in Resources */ = {isa = PBXBuildFile; fileRef = D580D8F2221895D6004179E4 /* Main.storyboard */; };
		D580D8F6221895D8004179E4 /* Assets.xcassets in Resources */ = {isa = PBXBuildFile; fileRef = D580D8F5221895D8004179E4 /* Assets.xcassets */; };
		D580D8F9221895D8004179E4 /* LaunchScreen.storyboard in Resources */ = {isa = PBXBuildFile; fileRef = D580D8F7221895D8004179E4 /* LaunchScreen.storyboard */; };
		D580D904221895D8004179E4 /* _IAmRemarkable__tabbed_UITests.swift in Sources */ = {isa = PBXBuildFile; fileRef = D580D903221895D8004179E4 /* _IAmRemarkable__tabbed_UITests.swift */; };
		D5CF20082218BD01000E0740 /* SQLite.framework in Frameworks */ = {isa = PBXBuildFile; fileRef = D5CF1FFA2218BCD2000E0740 /* SQLite.framework */; };
		D5CF20092218BD1E000E0740 /* SQLite.framework in Frameworks */ = {isa = PBXBuildFile; fileRef = D5CF1FFA2218BCD2000E0740 /* SQLite.framework */; };
		D5CF200A2218BD1E000E0740 /* SQLite.framework in Embed Frameworks */ = {isa = PBXBuildFile; fileRef = D5CF1FFA2218BCD2000E0740 /* SQLite.framework */; settings = {ATTRIBUTES = (CodeSignOnCopy, RemoveHeadersOnCopy, ); }; };
/* End PBXBuildFile section */

/* Begin PBXContainerItemProxy section */
		D580D900221895D8004179E4 /* PBXContainerItemProxy */ = {
			isa = PBXContainerItemProxy;
			containerPortal = D580D8E1221895D6004179E4 /* Project object */;
			proxyType = 1;
			remoteGlobalIDString = D580D8E8221895D6004179E4;
			remoteInfo = "#IAmRemarkable (tabbed)";
		};
		D5CF1FF92218BCD2000E0740 /* PBXContainerItemProxy */ = {
			isa = PBXContainerItemProxy;
			containerPortal = D5CF1FEF2218BCD2000E0740 /* SQLite.xcodeproj */;
			proxyType = 2;
			remoteGlobalIDString = EE247AD31C3F04ED00AE3E12;
			remoteInfo = "SQLite iOS";
		};
		D5CF1FFB2218BCD2000E0740 /* PBXContainerItemProxy */ = {
			isa = PBXContainerItemProxy;
			containerPortal = D5CF1FEF2218BCD2000E0740 /* SQLite.xcodeproj */;
			proxyType = 2;
			remoteGlobalIDString = EE247ADD1C3F04ED00AE3E12;
			remoteInfo = "SQLiteTests iOS";
		};
		D5CF1FFD2218BCD2000E0740 /* PBXContainerItemProxy */ = {
			isa = PBXContainerItemProxy;
			containerPortal = D5CF1FEF2218BCD2000E0740 /* SQLite.xcodeproj */;
			proxyType = 2;
			remoteGlobalIDString = EE247B3C1C3F3ED000AE3E12;
			remoteInfo = "SQLite Mac";
		};
		D5CF1FFF2218BCD2000E0740 /* PBXContainerItemProxy */ = {
			isa = PBXContainerItemProxy;
			containerPortal = D5CF1FEF2218BCD2000E0740 /* SQLite.xcodeproj */;
			proxyType = 2;
			remoteGlobalIDString = EE247B451C3F3ED000AE3E12;
			remoteInfo = "SQLiteTests Mac";
		};
		D5CF20012218BCD2000E0740 /* PBXContainerItemProxy */ = {
			isa = PBXContainerItemProxy;
			containerPortal = D5CF1FEF2218BCD2000E0740 /* SQLite.xcodeproj */;
			proxyType = 2;
			remoteGlobalIDString = 03A65E5A1C6BB0F50062603F;
			remoteInfo = "SQLite tvOS";
		};
		D5CF20032218BCD2000E0740 /* PBXContainerItemProxy */ = {
			isa = PBXContainerItemProxy;
			containerPortal = D5CF1FEF2218BCD2000E0740 /* SQLite.xcodeproj */;
			proxyType = 2;
			remoteGlobalIDString = 03A65E631C6BB0F60062603F;
			remoteInfo = "SQLiteTests tvOS";
		};
		D5CF20052218BCD2000E0740 /* PBXContainerItemProxy */ = {
			isa = PBXContainerItemProxy;
			containerPortal = D5CF1FEF2218BCD2000E0740 /* SQLite.xcodeproj */;
			proxyType = 2;
			remoteGlobalIDString = A121AC451CA35C79005A31D1;
			remoteInfo = "SQLite watchOS";
		};
		D5CF200B2218BD1E000E0740 /* PBXContainerItemProxy */ = {
			isa = PBXContainerItemProxy;
			containerPortal = D5CF1FEF2218BCD2000E0740 /* SQLite.xcodeproj */;
			proxyType = 1;
			remoteGlobalIDString = EE247AD21C3F04ED00AE3E12;
			remoteInfo = "SQLite iOS";
		};
/* End PBXContainerItemProxy section */

/* Begin PBXCopyFilesBuildPhase section */
		D5CF200D2218BD1E000E0740 /* Embed Frameworks */ = {
			isa = PBXCopyFilesBuildPhase;
			buildActionMask = 2147483647;
			dstPath = "";
			dstSubfolderSpec = 10;
			files = (
				D5CF200A2218BD1E000E0740 /* SQLite.framework in Embed Frameworks */,
			);
			name = "Embed Frameworks";
			runOnlyForDeploymentPostprocessing = 0;
		};
/* End PBXCopyFilesBuildPhase section */

/* Begin PBXFileReference section */
		D580D8E9221895D6004179E4 /* #IAmRemarkable (tabbed).app */ = {isa = PBXFileReference; explicitFileType = wrapper.application; includeInIndex = 0; path = "#IAmRemarkable (tabbed).app"; sourceTree = BUILT_PRODUCTS_DIR; };
		D580D8EC221895D6004179E4 /* AppDelegate.swift */ = {isa = PBXFileReference; lastKnownFileType = sourcecode.swift; path = AppDelegate.swift; sourceTree = "<group>"; };
		D580D8EE221895D6004179E4 /* FirstViewController.swift */ = {isa = PBXFileReference; lastKnownFileType = sourcecode.swift; path = FirstViewController.swift; sourceTree = "<group>"; };
		D580D8F0221895D6004179E4 /* SecondViewController.swift */ = {isa = PBXFileReference; lastKnownFileType = sourcecode.swift; path = SecondViewController.swift; sourceTree = "<group>"; };
		D580D8F3221895D6004179E4 /* Base */ = {isa = PBXFileReference; lastKnownFileType = file.storyboard; name = Base; path = Base.lproj/Main.storyboard; sourceTree = "<group>"; };
		D580D8F5221895D8004179E4 /* Assets.xcassets */ = {isa = PBXFileReference; lastKnownFileType = folder.assetcatalog; path = Assets.xcassets; sourceTree = "<group>"; };
		D580D8F8221895D8004179E4 /* Base */ = {isa = PBXFileReference; lastKnownFileType = file.storyboard; name = Base; path = Base.lproj/LaunchScreen.storyboard; sourceTree = "<group>"; };
		D580D8FA221895D8004179E4 /* Info.plist */ = {isa = PBXFileReference; lastKnownFileType = text.plist.xml; path = Info.plist; sourceTree = "<group>"; };
		D580D8FF221895D8004179E4 /* #IAmRemarkable (tabbed)UITests.xctest */ = {isa = PBXFileReference; explicitFileType = wrapper.cfbundle; includeInIndex = 0; path = "#IAmRemarkable (tabbed)UITests.xctest"; sourceTree = BUILT_PRODUCTS_DIR; };
		D580D903221895D8004179E4 /* _IAmRemarkable__tabbed_UITests.swift */ = {isa = PBXFileReference; lastKnownFileType = sourcecode.swift; path = _IAmRemarkable__tabbed_UITests.swift; sourceTree = "<group>"; };
		D580D905221895D8004179E4 /* Info.plist */ = {isa = PBXFileReference; lastKnownFileType = text.plist.xml; path = Info.plist; sourceTree = "<group>"; };
		D5CF1FEF2218BCD2000E0740 /* SQLite.xcodeproj */ = {isa = PBXFileReference; lastKnownFileType = "wrapper.pb-project"; name = SQLite.xcodeproj; path = "../SQLite.swift-master/SQLite.xcodeproj"; sourceTree = "<group>"; };
/* End PBXFileReference section */

/* Begin PBXFrameworksBuildPhase section */
		D580D8E6221895D6004179E4 /* Frameworks */ = {
			isa = PBXFrameworksBuildPhase;
			buildActionMask = 2147483647;
			files = (
				D5CF20092218BD1E000E0740 /* SQLite.framework in Frameworks */,
				D5CF20082218BD01000E0740 /* SQLite.framework in Frameworks */,
			);
			runOnlyForDeploymentPostprocessing = 0;
		};
		D580D8FC221895D8004179E4 /* Frameworks */ = {
			isa = PBXFrameworksBuildPhase;
			buildActionMask = 2147483647;
			files = (
			);
			runOnlyForDeploymentPostprocessing = 0;
		};
/* End PBXFrameworksBuildPhase section */

/* Begin PBXGroup section */
		D580D8E0221895D6004179E4 = {
			isa = PBXGroup;
			children = (
				D580D8EB221895D6004179E4 /* #IAmRemarkable (tabbed) */,
				D580D902221895D8004179E4 /* #IAmRemarkable (tabbed)UITests */,
				D580D8EA221895D6004179E4 /* Products */,
				D5CF1FEF2218BCD2000E0740 /* SQLite.xcodeproj */,
				D5CF20072218BD01000E0740 /* Frameworks */,
			);
			sourceTree = "<group>";
		};
		D580D8EA221895D6004179E4 /* Products */ = {
			isa = PBXGroup;
			children = (
				D580D8E9221895D6004179E4 /* #IAmRemarkable (tabbed).app */,
				D580D8FF221895D8004179E4 /* #IAmRemarkable (tabbed)UITests.xctest */,
			);
			name = Products;
			sourceTree = "<group>";
		};
		D580D8EB221895D6004179E4 /* #IAmRemarkable (tabbed) */ = {
			isa = PBXGroup;
			children = (
				D580D8EC221895D6004179E4 /* AppDelegate.swift */,
				D580D8EE221895D6004179E4 /* FirstViewController.swift */,
				D580D8F0221895D6004179E4 /* SecondViewController.swift */,
				D580D8F2221895D6004179E4 /* Main.storyboard */,
				D580D8F5221895D8004179E4 /* Assets.xcassets */,
				D580D8F7221895D8004179E4 /* LaunchScreen.storyboard */,
				D580D8FA221895D8004179E4 /* Info.plist */,
			);
			path = "#IAmRemarkable (tabbed)";
			sourceTree = "<group>";
		};
		D580D902221895D8004179E4 /* #IAmRemarkable (tabbed)UITests */ = {
			isa = PBXGroup;
			children = (
				D580D903221895D8004179E4 /* _IAmRemarkable__tabbed_UITests.swift */,
				D580D905221895D8004179E4 /* Info.plist */,
			);
			path = "#IAmRemarkable (tabbed)UITests";
			sourceTree = "<group>";
		};
		D5CF1FF02218BCD2000E0740 /* Products */ = {
			isa = PBXGroup;
			children = (
				D5CF1FFA2218BCD2000E0740 /* SQLite.framework */,
				D5CF1FFC2218BCD2000E0740 /* SQLiteTests iOS.xctest */,
				D5CF1FFE2218BCD2000E0740 /* SQLite.framework */,
				D5CF20002218BCD2000E0740 /* SQLiteTests Mac.xctest */,
				D5CF20022218BCD2000E0740 /* SQLite.framework */,
				D5CF20042218BCD2000E0740 /* SQLiteTests tvOS.xctest */,
				D5CF20062218BCD2000E0740 /* SQLite.framework */,
			);
			name = Products;
			sourceTree = "<group>";
		};
		D5CF20072218BD01000E0740 /* Frameworks */ = {
			isa = PBXGroup;
			children = (
			);
			name = Frameworks;
			sourceTree = "<group>";
		};
/* End PBXGroup section */

/* Begin PBXNativeTarget section */
		D580D8E8221895D6004179E4 /* #IAmRemarkable (tabbed) */ = {
			isa = PBXNativeTarget;
			buildConfigurationList = D580D908221895D8004179E4 /* Build configuration list for PBXNativeTarget "#IAmRemarkable (tabbed)" */;
			buildPhases = (
				D580D8E5221895D6004179E4 /* Sources */,
				D580D8E6221895D6004179E4 /* Frameworks */,
				D580D8E7221895D6004179E4 /* Resources */,
				D5CF200D2218BD1E000E0740 /* Embed Frameworks */,
			);
			buildRules = (
			);
			dependencies = (
				D5CF200C2218BD1E000E0740 /* PBXTargetDependency */,
			);
			name = "#IAmRemarkable (tabbed)";
			productName = "#IAmRemarkable (tabbed)";
			productReference = D580D8E9221895D6004179E4 /* #IAmRemarkable (tabbed).app */;
			productType = "com.apple.product-type.application";
		};
		D580D8FE221895D8004179E4 /* #IAmRemarkable (tabbed)UITests */ = {
			isa = PBXNativeTarget;
			buildConfigurationList = D580D90B221895D8004179E4 /* Build configuration list for PBXNativeTarget "#IAmRemarkable (tabbed)UITests" */;
			buildPhases = (
				D580D8FB221895D8004179E4 /* Sources */,
				D580D8FC221895D8004179E4 /* Frameworks */,
				D580D8FD221895D8004179E4 /* Resources */,
			);
			buildRules = (
			);
			dependencies = (
				D580D901221895D8004179E4 /* PBXTargetDependency */,
			);
			name = "#IAmRemarkable (tabbed)UITests";
			productName = "#IAmRemarkable (tabbed)UITests";
			productReference = D580D8FF221895D8004179E4 /* #IAmRemarkable (tabbed)UITests.xctest */;
			productType = "com.apple.product-type.bundle.ui-testing";
		};
/* End PBXNativeTarget section */

/* Begin PBXProject section */
		D580D8E1221895D6004179E4 /* Project object */ = {
			isa = PBXProject;
			attributes = {
				LastSwiftUpdateCheck = 1010;
				LastUpgradeCheck = 1010;
				ORGANIZATIONNAME = PearlHacks;
				TargetAttributes = {
					D580D8E8221895D6004179E4 = {
						CreatedOnToolsVersion = 10.1;
					};
					D580D8FE221895D8004179E4 = {
						CreatedOnToolsVersion = 10.1;
						TestTargetID = D580D8E8221895D6004179E4;
					};
				};
			};
			buildConfigurationList = D580D8E4221895D6004179E4 /* Build configuration list for PBXProject "#IAmRemarkable (tabbed)" */;
			compatibilityVersion = "Xcode 9.3";
			developmentRegion = en;
			hasScannedForEncodings = 0;
			knownRegions = (
				en,
				Base,
			);
			mainGroup = D580D8E0221895D6004179E4;
			productRefGroup = D580D8EA221895D6004179E4 /* Products */;
			projectDirPath = "";
			projectReferences = (
				{
					ProductGroup = D5CF1FF02218BCD2000E0740 /* Products */;
					ProjectRef = D5CF1FEF2218BCD2000E0740 /* SQLite.xcodeproj */;
				},
			);
			projectRoot = "";
			targets = (
				D580D8E8221895D6004179E4 /* #IAmRemarkable (tabbed) */,
				D580D8FE221895D8004179E4 /* #IAmRemarkable (tabbed)UITests */,
			);
		};
/* End PBXProject section */

/* Begin PBXReferenceProxy section */
		D5CF1FFA2218BCD2000E0740 /* SQLite.framework */ = {
			isa = PBXReferenceProxy;
			fileType = wrapper.framework;
			path = SQLite.framework;
			remoteRef = D5CF1FF92218BCD2000E0740 /* PBXContainerItemProxy */;
			sourceTree = BUILT_PRODUCTS_DIR;
		};
		D5CF1FFC2218BCD2000E0740 /* SQLiteTests iOS.xctest */ = {
			isa = PBXReferenceProxy;
			fileType = wrapper.cfbundle;
			path = "SQLiteTests iOS.xctest";
			remoteRef = D5CF1FFB2218BCD2000E0740 /* PBXContainerItemProxy */;
			sourceTree = BUILT_PRODUCTS_DIR;
		};
		D5CF1FFE2218BCD2000E0740 /* SQLite.framework */ = {
			isa = PBXReferenceProxy;
			fileType = wrapper.framework;
			path = SQLite.framework;
			remoteRef = D5CF1FFD2218BCD2000E0740 /* PBXContainerItemProxy */;
			sourceTree = BUILT_PRODUCTS_DIR;
		};
		D5CF20002218BCD2000E0740 /* SQLiteTests Mac.xctest */ = {
			isa = PBXReferenceProxy;
			fileType = wrapper.cfbundle;
			path = "SQLiteTests Mac.xctest";
			remoteRef = D5CF1FFF2218BCD2000E0740 /* PBXContainerItemProxy */;
			sourceTree = BUILT_PRODUCTS_DIR;
		};
		D5CF20022218BCD2000E0740 /* SQLite.framework */ = {
			isa = PBXReferenceProxy;
			fileType = wrapper.framework;
			path = SQLite.framework;
			remoteRef = D5CF20012218BCD2000E0740 /* PBXContainerItemProxy */;
			sourceTree = BUILT_PRODUCTS_DIR;
		};
		D5CF20042218BCD2000E0740 /* SQLiteTests tvOS.xctest */ = {
			isa = PBXReferenceProxy;
			fileType = wrapper.cfbundle;
			path = "SQLiteTests tvOS.xctest";
			remoteRef = D5CF20032218BCD2000E0740 /* PBXContainerItemProxy */;
			sourceTree = BUILT_PRODUCTS_DIR;
		};
		D5CF20062218BCD2000E0740 /* SQLite.framework */ = {
			isa = PBXReferenceProxy;
			fileType = wrapper.framework;
			path = SQLite.framework;
			remoteRef = D5CF20052218BCD2000E0740 /* PBXContainerItemProxy */;
			sourceTree = BUILT_PRODUCTS_DIR;
		};
/* End PBXReferenceProxy section */

/* Begin PBXResourcesBuildPhase section */
		D580D8E7221895D6004179E4 /* Resources */ = {
			isa = PBXResourcesBuildPhase;
			buildActionMask = 2147483647;
			files = (
				D580D8F9221895D8004179E4 /* LaunchScreen.storyboard in Resources */,
				D580D8F6221895D8004179E4 /* Assets.xcassets in Resources */,
				D580D8F4221895D6004179E4 /* Main.storyboard in Resources */,
			);
			runOnlyForDeploymentPostprocessing = 0;
		};
		D580D8FD221895D8004179E4 /* Resources */ = {
			isa = PBXResourcesBuildPhase;
			buildActionMask = 2147483647;
			files = (
			);
			runOnlyForDeploymentPostprocessing = 0;
		};
/* End PBXResourcesBuildPhase section */

/* Begin PBXSourcesBuildPhase section */
		D580D8E5221895D6004179E4 /* Sources */ = {
			isa = PBXSourcesBuildPhase;
			buildActionMask = 2147483647;
			files = (
				D580D8F1221895D6004179E4 /* SecondViewController.swift in Sources */,
				D580D8ED221895D6004179E4 /* AppDelegate.swift in Sources */,
				D580D8EF221895D6004179E4 /* FirstViewController.swift in Sources */,
			);
			runOnlyForDeploymentPostprocessing = 0;
		};
		D580D8FB221895D8004179E4 /* Sources */ = {
			isa = PBXSourcesBuildPhase;
			buildActionMask = 2147483647;
			files = (
				D580D904221895D8004179E4 /* _IAmRemarkable__tabbed_UITests.swift in Sources */,
			);
			runOnlyForDeploymentPostprocessing = 0;
		};
/* End PBXSourcesBuildPhase section */

/* Begin PBXTargetDependency section */
		D580D901221895D8004179E4 /* PBXTargetDependency */ = {
			isa = PBXTargetDependency;
			target = D580D8E8221895D6004179E4 /* #IAmRemarkable (tabbed) */;
			targetProxy = D580D900221895D8004179E4 /* PBXContainerItemProxy */;
		};
		D5CF200C2218BD1E000E0740 /* PBXTargetDependency */ = {
			isa = PBXTargetDependency;
			name = "SQLite iOS";
			targetProxy = D5CF200B2218BD1E000E0740 /* PBXContainerItemProxy */;
		};
/* End PBXTargetDependency section */

/* Begin PBXVariantGroup section */
		D580D8F2221895D6004179E4 /* Main.storyboard */ = {
			isa = PBXVariantGroup;
			children = (
				D580D8F3221895D6004179E4 /* Base */,
			);
			name = Main.storyboard;
			sourceTree = "<group>";
		};
		D580D8F7221895D8004179E4 /* LaunchScreen.storyboard */ = {
			isa = PBXVariantGroup;
			children = (
				D580D8F8221895D8004179E4 /* Base */,
			);
			name = LaunchScreen.storyboard;
			sourceTree = "<group>";
		};
/* End PBXVariantGroup section */

/* Begin XCBuildConfiguration section */
		D580D906221895D8004179E4 /* Debug */ = {
			isa = XCBuildConfiguration;
			buildSettings = {
				ALWAYS_SEARCH_USER_PATHS = NO;
				CLANG_ANALYZER_NONNULL = YES;
				CLANG_ANALYZER_NUMBER_OBJECT_CONVERSION = YES_AGGRESSIVE;
				CLANG_CXX_LANGUAGE_STANDARD = "gnu++14";
				CLANG_CXX_LIBRARY = "libc++";
				CLANG_ENABLE_MODULES = YES;
				CLANG_ENABLE_OBJC_ARC = YES;
				CLANG_ENABLE_OBJC_WEAK = YES;
				CLANG_WARN_BLOCK_CAPTURE_AUTORELEASING = YES;
				CLANG_WARN_BOOL_CONVERSION = YES;
				CLANG_WARN_COMMA = YES;
				CLANG_WARN_CONSTANT_CONVERSION = YES;
				CLANG_WARN_DEPRECATED_OBJC_IMPLEMENTATIONS = YES;
				CLANG_WARN_DIRECT_OBJC_ISA_USAGE = YES_ERROR;
				CLANG_WARN_DOCUMENTATION_COMMENTS = YES;
				CLANG_WARN_EMPTY_BODY = YES;
				CLANG_WARN_ENUM_CONVERSION = YES;
				CLANG_WARN_INFINITE_RECURSION = YES;
				CLANG_WARN_INT_CONVERSION = YES;
				CLANG_WARN_NON_LITERAL_NULL_CONVERSION = YES;
				CLANG_WARN_OBJC_IMPLICIT_RETAIN_SELF = YES;
				CLANG_WARN_OBJC_LITERAL_CONVERSION = YES;
				CLANG_WARN_OBJC_ROOT_CLASS = YES_ERROR;
				CLANG_WARN_RANGE_LOOP_ANALYSIS = YES;
				CLANG_WARN_STRICT_PROTOTYPES = YES;
				CLANG_WARN_SUSPICIOUS_MOVE = YES;
				CLANG_WARN_UNGUARDED_AVAILABILITY = YES_AGGRESSIVE;
				CLANG_WARN_UNREACHABLE_CODE = YES;
				CLANG_WARN__DUPLICATE_METHOD_MATCH = YES;
				CODE_SIGN_IDENTITY = "iPhone Developer";
				COPY_PHASE_STRIP = NO;
				DEBUG_INFORMATION_FORMAT = dwarf;
				ENABLE_STRICT_OBJC_MSGSEND = YES;
				ENABLE_TESTABILITY = YES;
				GCC_C_LANGUAGE_STANDARD = gnu11;
				GCC_DYNAMIC_NO_PIC = NO;
				GCC_NO_COMMON_BLOCKS = YES;
				GCC_OPTIMIZATION_LEVEL = 0;
				GCC_PREPROCESSOR_DEFINITIONS = (
					"DEBUG=1",
					"$(inherited)",
				);
				GCC_WARN_64_TO_32_BIT_CONVERSION = YES;
				GCC_WARN_ABOUT_RETURN_TYPE = YES_ERROR;
				GCC_WARN_UNDECLARED_SELECTOR = YES;
				GCC_WARN_UNINITIALIZED_AUTOS = YES_AGGRESSIVE;
				GCC_WARN_UNUSED_FUNCTION = YES;
				GCC_WARN_UNUSED_VARIABLE = YES;
				IPHONEOS_DEPLOYMENT_TARGET = 12.1;
				MTL_ENABLE_DEBUG_INFO = INCLUDE_SOURCE;
				MTL_FAST_MATH = YES;
				ONLY_ACTIVE_ARCH = YES;
				SDKROOT = iphoneos;
				SWIFT_ACTIVE_COMPILATION_CONDITIONS = DEBUG;
				SWIFT_OPTIMIZATION_LEVEL = "-Onone";
			};
			name = Debug;
		};
		D580D907221895D8004179E4 /* Release */ = {
			isa = XCBuildConfiguration;
			buildSettings = {
				ALWAYS_SEARCH_USER_PATHS = NO;
				CLANG_ANALYZER_NONNULL = YES;
				CLANG_ANALYZER_NUMBER_OBJECT_CONVERSION = YES_AGGRESSIVE;
				CLANG_CXX_LANGUAGE_STANDARD = "gnu++14";
				CLANG_CXX_LIBRARY = "libc++";
				CLANG_ENABLE_MODULES = YES;
				CLANG_ENABLE_OBJC_ARC = YES;
				CLANG_ENABLE_OBJC_WEAK = YES;
				CLANG_WARN_BLOCK_CAPTURE_AUTORELEASING = YES;
				CLANG_WARN_BOOL_CONVERSION = YES;
				CLANG_WARN_COMMA = YES;
				CLANG_WARN_CONSTANT_CONVERSION = YES;
				CLANG_WARN_DEPRECATED_OBJC_IMPLEMENTATIONS = YES;
				CLANG_WARN_DIRECT_OBJC_ISA_USAGE = YES_ERROR;
				CLANG_WARN_DOCUMENTATION_COMMENTS = YES;
				CLANG_WARN_EMPTY_BODY = YES;
				CLANG_WARN_ENUM_CONVERSION = YES;
				CLANG_WARN_INFINITE_RECURSION = YES;
				CLANG_WARN_INT_CONVERSION = YES;
				CLANG_WARN_NON_LITERAL_NULL_CONVERSION = YES;
				CLANG_WARN_OBJC_IMPLICIT_RETAIN_SELF = YES;
				CLANG_WARN_OBJC_LITERAL_CONVERSION = YES;
				CLANG_WARN_OBJC_ROOT_CLASS = YES_ERROR;
				CLANG_WARN_RANGE_LOOP_ANALYSIS = YES;
				CLANG_WARN_STRICT_PROTOTYPES = YES;
				CLANG_WARN_SUSPICIOUS_MOVE = YES;
				CLANG_WARN_UNGUARDED_AVAILABILITY = YES_AGGRESSIVE;
				CLANG_WARN_UNREACHABLE_CODE = YES;
				CLANG_WARN__DUPLICATE_METHOD_MATCH = YES;
				CODE_SIGN_IDENTITY = "iPhone Developer";
				COPY_PHASE_STRIP = NO;
				DEBUG_INFORMATION_FORMAT = "dwarf-with-dsym";
				ENABLE_NS_ASSERTIONS = NO;
				ENABLE_STRICT_OBJC_MSGSEND = YES;
				GCC_C_LANGUAGE_STANDARD = gnu11;
				GCC_NO_COMMON_BLOCKS = YES;
				GCC_WARN_64_TO_32_BIT_CONVERSION = YES;
				GCC_WARN_ABOUT_RETURN_TYPE = YES_ERROR;
				GCC_WARN_UNDECLARED_SELECTOR = YES;
				GCC_WARN_UNINITIALIZED_AUTOS = YES_AGGRESSIVE;
				GCC_WARN_UNUSED_FUNCTION = YES;
				GCC_WARN_UNUSED_VARIABLE = YES;
				IPHONEOS_DEPLOYMENT_TARGET = 12.1;
				MTL_ENABLE_DEBUG_INFO = NO;
				MTL_FAST_MATH = YES;
				SDKROOT = iphoneos;
				SWIFT_COMPILATION_MODE = wholemodule;
				SWIFT_OPTIMIZATION_LEVEL = "-O";
				VALIDATE_PRODUCT = YES;
			};
			name = Release;
		};
		D580D909221895D8004179E4 /* Debug */ = {
			isa = XCBuildConfiguration;
			buildSettings = {
				ALWAYS_EMBED_SWIFT_STANDARD_LIBRARIES = YES;
				ASSETCATALOG_COMPILER_APPICON_NAME = AppIcon;
				CODE_SIGN_STYLE = Automatic;
				INFOPLIST_FILE = "#IAmRemarkable (tabbed)/Info.plist";
				LD_RUNPATH_SEARCH_PATHS = (
					"$(inherited)",
					"@executable_path/Frameworks",
				);
				PRODUCT_BUNDLE_IDENTIFIER = "com.example.-IAmRemarkable--tabbed-";
				PRODUCT_NAME = "$(TARGET_NAME)";
				SWIFT_VERSION = 4.2;
				TARGETED_DEVICE_FAMILY = "1,2";
			};
			name = Debug;
		};
		D580D90A221895D8004179E4 /* Release */ = {
			isa = XCBuildConfiguration;
			buildSettings = {
				ALWAYS_EMBED_SWIFT_STANDARD_LIBRARIES = YES;
				ASSETCATALOG_COMPILER_APPICON_NAME = AppIcon;
				CODE_SIGN_STYLE = Automatic;
				INFOPLIST_FILE = "#IAmRemarkable (tabbed)/Info.plist";
				LD_RUNPATH_SEARCH_PATHS = (
					"$(inherited)",
					"@executable_path/Frameworks",
				);
				PRODUCT_BUNDLE_IDENTIFIER = "com.example.-IAmRemarkable--tabbed-";
				PRODUCT_NAME = "$(TARGET_NAME)";
				SWIFT_VERSION = 4.2;
				TARGETED_DEVICE_FAMILY = "1,2";
			};
			name = Release;
		};
		D580D90C221895D8004179E4 /* Debug */ = {
			isa = XCBuildConfiguration;
			buildSettings = {
				ALWAYS_EMBED_SWIFT_STANDARD_LIBRARIES = YES;
				CODE_SIGN_STYLE = Automatic;
				INFOPLIST_FILE = "#IAmRemarkable (tabbed)UITests/Info.plist";
				LD_RUNPATH_SEARCH_PATHS = (
					"$(inherited)",
					"@executable_path/Frameworks",
					"@loader_path/Frameworks",
				);
				PRODUCT_BUNDLE_IDENTIFIER = "com.example.-IAmRemarkable--tabbed-UITests";
				PRODUCT_NAME = "$(TARGET_NAME)";
				SWIFT_VERSION = 4.2;
				TARGETED_DEVICE_FAMILY = "1,2";
				TEST_TARGET_NAME = "#IAmRemarkable (tabbed)";
			};
			name = Debug;
		};
		D580D90D221895D8004179E4 /* Release */ = {
			isa = XCBuildConfiguration;
			buildSettings = {
				ALWAYS_EMBED_SWIFT_STANDARD_LIBRARIES = YES;
				CODE_SIGN_STYLE = Automatic;
				INFOPLIST_FILE = "#IAmRemarkable (tabbed)UITests/Info.plist";
				LD_RUNPATH_SEARCH_PATHS = (
					"$(inherited)",
					"@executable_path/Frameworks",
					"@loader_path/Frameworks",
				);
				PRODUCT_BUNDLE_IDENTIFIER = "com.example.-IAmRemarkable--tabbed-UITests";
				PRODUCT_NAME = "$(TARGET_NAME)";
				SWIFT_VERSION = 4.2;
				TARGETED_DEVICE_FAMILY = "1,2";
				TEST_TARGET_NAME = "#IAmRemarkable (tabbed)";
			};
			name = Release;
		};
/* End XCBuildConfiguration section */

/* Begin XCConfigurationList section */
		D580D8E4221895D6004179E4 /* Build configuration list for PBXProject "#IAmRemarkable (tabbed)" */ = {
			isa = XCConfigurationList;
			buildConfigurations = (
				D580D906221895D8004179E4 /* Debug */,
				D580D907221895D8004179E4 /* Release */,
			);
			defaultConfigurationIsVisible = 0;
			defaultConfigurationName = Release;
		};
		D580D908221895D8004179E4 /* Build configuration list for PBXNativeTarget "#IAmRemarkable (tabbed)" */ = {
			isa = XCConfigurationList;
			buildConfigurations = (
				D580D909221895D8004179E4 /* Debug */,
				D580D90A221895D8004179E4 /* Release */,
			);
			defaultConfigurationIsVisible = 0;
			defaultConfigurationName = Release;
		};
		D580D90B221895D8004179E4 /* Build configuration list for PBXNativeTarget "#IAmRemarkable (tabbed)UITests" */ = {
			isa = XCConfigurationList;
			buildConfigurations = (
				D580D90C221895D8004179E4 /* Debug */,
				D580D90D221895D8004179E4 /* Release */,
			);
			defaultConfigurationIsVisible = 0;
			defaultConfigurationName = Release;
		};
/* End XCConfigurationList section */
	};
	rootObject = D580D8E1221895D6004179E4 /* Project object */;
}
